
Microsoft Visual Studio Solution File, Format Version 12.00
# Visual Studio Version 16
VisualStudioVersion = 16.0.31729.503
MinimumVisualStudioVersion = 10.0.40219.1
Project("{888888A0-9F3D-457C-B088-3A5042F75D52}") = "ARC Rod Life Tracker", "ARC Rod Life Tracker.pyproj", "{2C24FB21-99D2-46F3-BDF1-F925C5667893}"
EndProject
Global
	GlobalSection(SolutionConfigurationPlatforms) = preSolution
		Debug|Any CPU = Debug|Any CPU
		Release|Any CPU = Release|Any CPU
	EndGlobalSection
	GlobalSection(ProjectConfigurationPlatforms) = postSolution
		{2C24FB21-99D2-46F3-BDF1-F925C5667893}.Debug|Any CPU.ActiveCfg = Debug|Any CPU
		{2C24FB21-99D2-46F3-BDF1-F925C5667893}.Release|Any CPU.ActiveCfg = Release|Any CPU
	EndGlobalSection
	GlobalSection(SolutionProperties) = preSolution
		HideSolutionNode = FALSE
	EndGlobalSection
	GlobalSection(ExtensibilityGlobals) = postSolution
		SolutionGuid = {1267E78F-64A3-4AF0-AFEE-ADCA2DCD45F8}
	EndGlobalSection
EndGlobal
